// !$*UTF8*$!
{
	archiveVersion = 1;
	classes = {
	};
	objectVersion = 46;
	objects = {

/* Begin PBXBuildFile section */
		046290C71BDC332200003896 /* ViewControllerMap.swift in Sources */ = {isa = PBXBuildFile; fileRef = 046290C61BDC332200003896 /* ViewControllerMap.swift */; settings = {ASSET_TAGS = (); }; };
		046290C91BDC422D00003896 /* TableViewControllerMenuCell.swift in Sources */ = {isa = PBXBuildFile; fileRef = 046290C81BDC422D00003896 /* TableViewControllerMenuCell.swift */; settings = {ASSET_TAGS = (); }; };
		0464889F1BDDA01200549491 /* ImageCell.swift in Sources */ = {isa = PBXBuildFile; fileRef = 0464889E1BDDA01200549491 /* ImageCell.swift */; settings = {ASSET_TAGS = (); }; };
		046488A11BDDA02100549491 /* BasicCell.swift in Sources */ = {isa = PBXBuildFile; fileRef = 046488A01BDDA02100549491 /* BasicCell.swift */; settings = {ASSET_TAGS = (); }; };
		04BBB84A1BD2CAA800BA525D /* AppDelegate.swift in Sources */ = {isa = PBXBuildFile; fileRef = 04BBB8491BD2CAA800BA525D /* AppDelegate.swift */; };
		04BBB84C1BD2CAA800BA525D /* ViewController.swift in Sources */ = {isa = PBXBuildFile; fileRef = 04BBB84B1BD2CAA800BA525D /* ViewController.swift */; };
		04BBB84F1BD2CAA900BA525D /* Main.storyboard in Resources */ = {isa = PBXBuildFile; fileRef = 04BBB84D1BD2CAA900BA525D /* Main.storyboard */; };
		04BBB8521BD2CAA900BA525D /* ficohsaseguros.xcdatamodeld in Sources */ = {isa = PBXBuildFile; fileRef = 04BBB8501BD2CAA900BA525D /* ficohsaseguros.xcdatamodeld */; };
		04BBB8541BD2CAA900BA525D /* Assets.xcassets in Resources */ = {isa = PBXBuildFile; fileRef = 04BBB8531BD2CAA900BA525D /* Assets.xcassets */; };
		04BBB8571BD2CAA900BA525D /* LaunchScreen.storyboard in Resources */ = {isa = PBXBuildFile; fileRef = 04BBB8551BD2CAA900BA525D /* LaunchScreen.storyboard */; };
		04E390501BD404A00041585A /* ic_action_as_f.png in Resources */ = {isa = PBXBuildFile; fileRef = 04E3904F1BD404A00041585A /* ic_action_as_f.png */; settings = {ASSET_TAGS = (); }; };
		04E390571BD405120041585A /* ic_action_as_e.png in Resources */ = {isa = PBXBuildFile; fileRef = 04E390521BD405120041585A /* ic_action_as_e.png */; settings = {ASSET_TAGS = (); }; };
		04E390581BD405120041585A /* ic_action_as_d.png in Resources */ = {isa = PBXBuildFile; fileRef = 04E390531BD405120041585A /* ic_action_as_d.png */; settings = {ASSET_TAGS = (); }; };
		04E390591BD405120041585A /* ic_action_as_c.png in Resources */ = {isa = PBXBuildFile; fileRef = 04E390541BD405120041585A /* ic_action_as_c.png */; settings = {ASSET_TAGS = (); }; };
		04E3905A1BD405120041585A /* ic_action_as_b.png in Resources */ = {isa = PBXBuildFile; fileRef = 04E390551BD405120041585A /* ic_action_as_b.png */; settings = {ASSET_TAGS = (); }; };
		04E3905B1BD405120041585A /* ic_action_as_a.png in Resources */ = {isa = PBXBuildFile; fileRef = 04E390561BD405120041585A /* ic_action_as_a.png */; settings = {ASSET_TAGS = (); }; };
		04E3905D1BD405E40041585A /* logoficohsablanco.png in Resources */ = {isa = PBXBuildFile; fileRef = 04E3905C1BD405E40041585A /* logoficohsablanco.png */; settings = {ASSET_TAGS = (); }; };
		04E390601BD40AEF0041585A /* ViewControllerLogin.swift in Sources */ = {isa = PBXBuildFile; fileRef = 04E3905F1BD40AEF0041585A /* ViewControllerLogin.swift */; settings = {ASSET_TAGS = (); }; };
		04E390621BD410AD0041585A /* panic1.jpg in Resources */ = {isa = PBXBuildFile; fileRef = 04E390611BD410AD0041585A /* panic1.jpg */; settings = {ASSET_TAGS = (); }; };
		04E390651BD414C40041585A /* TableViewControllerNotificaciones.swift in Sources */ = {isa = PBXBuildFile; fileRef = 04E390641BD414C40041585A /* TableViewControllerNotificaciones.swift */; settings = {ASSET_TAGS = (); }; };
		04E390681BD415700041585A /* XmlNotificaciones.swift in Sources */ = {isa = PBXBuildFile; fileRef = 04E390671BD415700041585A /* XmlNotificaciones.swift */; settings = {ASSET_TAGS = (); }; };
		04E3906B1BD4167F0041585A /* TableViewControllerNotificacionesCell.swift in Sources */ = {isa = PBXBuildFile; fileRef = 04E3906A1BD4167F0041585A /* TableViewControllerNotificacionesCell.swift */; settings = {ASSET_TAGS = (); }; };
		04E3906F1BD49E2B0041585A /* SWRevealViewController.m in Sources */ = {isa = PBXBuildFile; fileRef = 04E3906E1BD49E2B0041585A /* SWRevealViewController.m */; settings = {ASSET_TAGS = (); }; };
		04E390711BD4AA270041585A /* TableViewControllerMenu.swift in Sources */ = {isa = PBXBuildFile; fileRef = 04E390701BD4AA270041585A /* TableViewControllerMenu.swift */; settings = {ASSET_TAGS = (); }; };
		04E390731BD4B0920041585A /* ViewControllerConsultas.swift in Sources */ = {isa = PBXBuildFile; fileRef = 04E390721BD4B0920041585A /* ViewControllerConsultas.swift */; settings = {ASSET_TAGS = (); }; };
		04E390751BD4BCBA0041585A /* ViewControllerPanic.swift in Sources */ = {isa = PBXBuildFile; fileRef = 04E390741BD4BCBA0041585A /* ViewControllerPanic.swift */; settings = {ASSET_TAGS = (); }; };
		04E390771BD4C4990041585A /* ViewControllerTipoAsistencia.swift in Sources */ = {isa = PBXBuildFile; fileRef = 04E390761BD4C4990041585A /* ViewControllerTipoAsistencia.swift */; settings = {ASSET_TAGS = (); }; };
/* End PBXBuildFile section */

/* Begin PBXFileReference section */
		046290C61BDC332200003896 /* ViewControllerMap.swift */ = {isa = PBXFileReference; fileEncoding = 4; lastKnownFileType = sourcecode.swift; path = ViewControllerMap.swift; sourceTree = "<group>"; };
		046290C81BDC422D00003896 /* TableViewControllerMenuCell.swift */ = {isa = PBXFileReference; fileEncoding = 4; lastKnownFileType = sourcecode.swift; path = TableViewControllerMenuCell.swift; sourceTree = "<group>"; };
		0464889E1BDDA01200549491 /* ImageCell.swift */ = {isa = PBXFileReference; fileEncoding = 4; lastKnownFileType = sourcecode.swift; path = ImageCell.swift; sourceTree = "<group>"; };
		046488A01BDDA02100549491 /* BasicCell.swift */ = {isa = PBXFileReference; fileEncoding = 4; lastKnownFileType = sourcecode.swift; path = BasicCell.swift; sourceTree = "<group>"; };
		04BBB8461BD2CAA800BA525D /* ficohsaseguros.app */ = {isa = PBXFileReference; explicitFileType = wrapper.application; includeInIndex = 0; path = ficohsaseguros.app; sourceTree = BUILT_PRODUCTS_DIR; };
		04BBB8491BD2CAA800BA525D /* AppDelegate.swift */ = {isa = PBXFileReference; lastKnownFileType = sourcecode.swift; path = AppDelegate.swift; sourceTree = "<group>"; };
		04BBB84B1BD2CAA800BA525D /* ViewController.swift */ = {isa = PBXFileReference; lastKnownFileType = sourcecode.swift; path = ViewController.swift; sourceTree = "<group>"; };
		04BBB84E1BD2CAA900BA525D /* Base */ = {isa = PBXFileReference; lastKnownFileType = file.storyboard; name = Base; path = Base.lproj/Main.storyboard; sourceTree = "<group>"; };
		04BBB8511BD2CAA900BA525D /* ficohsaseguros.xcdatamodel */ = {isa = PBXFileReference; lastKnownFileType = wrapper.xcdatamodel; path = ficohsaseguros.xcdatamodel; sourceTree = "<group>"; };
		04BBB8531BD2CAA900BA525D /* Assets.xcassets */ = {isa = PBXFileReference; lastKnownFileType = folder.assetcatalog; path = Assets.xcassets; sourceTree = "<group>"; };
		04BBB8561BD2CAA900BA525D /* Base */ = {isa = PBXFileReference; lastKnownFileType = file.storyboard; name = Base; path = Base.lproj/LaunchScreen.storyboard; sourceTree = "<group>"; };
		04BBB8581BD2CAA900BA525D /* Info.plist */ = {isa = PBXFileReference; lastKnownFileType = text.plist.xml; path = Info.plist; sourceTree = "<group>"; };
		04E3904F1BD404A00041585A /* ic_action_as_f.png */ = {isa = PBXFileReference; lastKnownFileType = image.png; name = ic_action_as_f.png; path = "../../AndroidStudioProjects/FicohsaSeguros/app/src/main/res/drawable-xxhdpi/ic_action_as_f.png"; sourceTree = "<group>"; };
		04E390521BD405120041585A /* ic_action_as_e.png */ = {isa = PBXFileReference; lastKnownFileType = image.png; name = ic_action_as_e.png; path = "../../AndroidStudioProjects/FicohsaSeguros/app/src/main/res/drawable-xxhdpi/ic_action_as_e.png"; sourceTree = "<group>"; };
		04E390531BD405120041585A /* ic_action_as_d.png */ = {isa = PBXFileReference; lastKnownFileType = image.png; name = ic_action_as_d.png; path = "../../AndroidStudioProjects/FicohsaSeguros/app/src/main/res/drawable-xxhdpi/ic_action_as_d.png"; sourceTree = "<group>"; };
		04E390541BD405120041585A /* ic_action_as_c.png */ = {isa = PBXFileReference; lastKnownFileType = image.png; name = ic_action_as_c.png; path = "../../AndroidStudioProjects/FicohsaSeguros/app/src/main/res/drawable-xxhdpi/ic_action_as_c.png"; sourceTree = "<group>"; };
		04E390551BD405120041585A /* ic_action_as_b.png */ = {isa = PBXFileReference; lastKnownFileType = image.png; name = ic_action_as_b.png; path = "../../AndroidStudioProjects/FicohsaSeguros/app/src/main/res/drawable-xxhdpi/ic_action_as_b.png"; sourceTree = "<group>"; };
		04E390561BD405120041585A /* ic_action_as_a.png */ = {isa = PBXFileReference; lastKnownFileType = image.png; name = ic_action_as_a.png; path = "../../AndroidStudioProjects/FicohsaSeguros/app/src/main/res/drawable-xxhdpi/ic_action_as_a.png"; sourceTree = "<group>"; };
		04E3905C1BD405E40041585A /* logoficohsablanco.png */ = {isa = PBXFileReference; lastKnownFileType = image.png; name = logoficohsablanco.png; path = "../../AndroidStudioProjects/FicohsaSeguros/app/src/main/res/drawable-mdpi/logoficohsablanco.png"; sourceTree = "<group>"; };
		04E3905F1BD40AEF0041585A /* ViewControllerLogin.swift */ = {isa = PBXFileReference; fileEncoding = 4; lastKnownFileType = sourcecode.swift; path = ViewControllerLogin.swift; sourceTree = "<group>"; };
		04E390611BD410AD0041585A /* panic1.jpg */ = {isa = PBXFileReference; lastKnownFileType = image.jpeg; name = panic1.jpg; path = "../../AndroidStudioProjects/FicohsaSeguros/app/src/main/res/drawable-mdpi/panic1.jpg"; sourceTree = "<group>"; };
		04E390641BD414C40041585A /* TableViewControllerNotificaciones.swift */ = {isa = PBXFileReference; fileEncoding = 4; lastKnownFileType = sourcecode.swift; path = TableViewControllerNotificaciones.swift; sourceTree = "<group>"; };
		04E390671BD415700041585A /* XmlNotificaciones.swift */ = {isa = PBXFileReference; fileEncoding = 4; lastKnownFileType = sourcecode.swift; path = XmlNotificaciones.swift; sourceTree = "<group>"; };
		04E3906A1BD4167F0041585A /* TableViewControllerNotificacionesCell.swift */ = {isa = PBXFileReference; fileEncoding = 4; lastKnownFileType = sourcecode.swift; path = TableViewControllerNotificacionesCell.swift; sourceTree = "<group>"; };
		04E3906C1BD49E290041585A /* ficohsaseguros-Bridging-Header.h */ = {isa = PBXFileReference; lastKnownFileType = sourcecode.c.h; path = "ficohsaseguros-Bridging-Header.h"; sourceTree = "<group>"; };
		04E3906D1BD49E2B0041585A /* SWRevealViewController.h */ = {isa = PBXFileReference; fileEncoding = 4; lastKnownFileType = sourcecode.c.h; path = SWRevealViewController.h; sourceTree = "<group>"; };
		04E3906E1BD49E2B0041585A /* SWRevealViewController.m */ = {isa = PBXFileReference; fileEncoding = 4; lastKnownFileType = sourcecode.c.objc; path = SWRevealViewController.m; sourceTree = "<group>"; };
		04E390701BD4AA270041585A /* TableViewControllerMenu.swift */ = {isa = PBXFileReference; fileEncoding = 4; lastKnownFileType = sourcecode.swift; path = TableViewControllerMenu.swift; sourceTree = "<group>"; };
		04E390721BD4B0920041585A /* ViewControllerConsultas.swift */ = {isa = PBXFileReference; fileEncoding = 4; lastKnownFileType = sourcecode.swift; path = ViewControllerConsultas.swift; sourceTree = "<group>"; };
		04E390741BD4BCBA0041585A /* ViewControllerPanic.swift */ = {isa = PBXFileReference; fileEncoding = 4; lastKnownFileType = sourcecode.swift; path = ViewControllerPanic.swift; sourceTree = "<group>"; };
		04E390761BD4C4990041585A /* ViewControllerTipoAsistencia.swift */ = {isa = PBXFileReference; fileEncoding = 4; lastKnownFileType = sourcecode.swift; path = ViewControllerTipoAsistencia.swift; sourceTree = "<group>"; };
/* End PBXFileReference section */

/* Begin PBXFrameworksBuildPhase section */
		04BBB8431BD2CAA800BA525D /* Frameworks */ = {
			isa = PBXFrameworksBuildPhase;
			buildActionMask = 2147483647;
			files = (
			);
			runOnlyForDeploymentPostprocessing = 0;
		};
/* End PBXFrameworksBuildPhase section */

/* Begin PBXGroup section */
		04BBB83D1BD2CAA800BA525D = {
			isa = PBXGroup;
			children = (
				04E390511BD404ED0041585A /* Images */,
				04BBB8481BD2CAA800BA525D /* ficohsaseguros */,
				04BBB8471BD2CAA800BA525D /* Products */,
			);
			sourceTree = "<group>";
		};
		04BBB8471BD2CAA800BA525D /* Products */ = {
			isa = PBXGroup;
			children = (
				04BBB8461BD2CAA800BA525D /* ficohsaseguros.app */,
			);
			name = Products;
			sourceTree = "<group>";
		};
		04BBB8481BD2CAA800BA525D /* ficohsaseguros */ = {
			isa = PBXGroup;
			children = (
				04E3906D1BD49E2B0041585A /* SWRevealViewController.h */,
				04E3906E1BD49E2B0041585A /* SWRevealViewController.m */,
				04E390691BD416510041585A /* TableViewControllerCell */,
				04E390661BD415580041585A /* Models */,
				04E390631BD414A70041585A /* TableViewController */,
				04E3905E1BD40AC30041585A /* ViewController */,
				04BBB8491BD2CAA800BA525D /* AppDelegate.swift */,
				04BBB84D1BD2CAA900BA525D /* Main.storyboard */,
				04BBB8531BD2CAA900BA525D /* Assets.xcassets */,
				04BBB8551BD2CAA900BA525D /* LaunchScreen.storyboard */,
				04BBB8581BD2CAA900BA525D /* Info.plist */,
				04BBB8501BD2CAA900BA525D /* ficohsaseguros.xcdatamodeld */,
				04E3906C1BD49E290041585A /* ficohsaseguros-Bridging-Header.h */,
			);
			path = ficohsaseguros;
			sourceTree = "<group>";
		};
		04E390511BD404ED0041585A /* Images */ = {
			isa = PBXGroup;
			children = (
				04E390611BD410AD0041585A /* panic1.jpg */,
				04E3905C1BD405E40041585A /* logoficohsablanco.png */,
				04E390521BD405120041585A /* ic_action_as_e.png */,
				04E390531BD405120041585A /* ic_action_as_d.png */,
				04E390541BD405120041585A /* ic_action_as_c.png */,
				04E390551BD405120041585A /* ic_action_as_b.png */,
				04E390561BD405120041585A /* ic_action_as_a.png */,
				04E3904F1BD404A00041585A /* ic_action_as_f.png */,
			);
			name = Images;
			sourceTree = "<group>";
		};
		04E3905E1BD40AC30041585A /* ViewController */ = {
			isa = PBXGroup;
			children = (
				04BBB84B1BD2CAA800BA525D /* ViewController.swift */,
				04E3905F1BD40AEF0041585A /* ViewControllerLogin.swift */,
				04E390721BD4B0920041585A /* ViewControllerConsultas.swift */,
				04E390741BD4BCBA0041585A /* ViewControllerPanic.swift */,
				04E390761BD4C4990041585A /* ViewControllerTipoAsistencia.swift */,
				046290C61BDC332200003896 /* ViewControllerMap.swift */,
			);
			name = ViewController;
			sourceTree = "<group>";
		};
		04E390631BD414A70041585A /* TableViewController */ = {
			isa = PBXGroup;
			children = (
				04E390641BD414C40041585A /* TableViewControllerNotificaciones.swift */,
				04E390701BD4AA270041585A /* TableViewControllerMenu.swift */,
			);
			name = TableViewController;
			sourceTree = "<group>";
		};
		04E390661BD415580041585A /* Models */ = {
			isa = PBXGroup;
			children = (
				04E390671BD415700041585A /* XmlNotificaciones.swift */,
			);
			name = Models;
			sourceTree = "<group>";
		};
		04E390691BD416510041585A /* TableViewControllerCell */ = {
			isa = PBXGroup;
			children = (
				04E3906A1BD4167F0041585A /* TableViewControllerNotificacionesCell.swift */,
				046290C81BDC422D00003896 /* TableViewControllerMenuCell.swift */,
				0464889E1BDDA01200549491 /* ImageCell.swift */,
				046488A01BDDA02100549491 /* BasicCell.swift */,
			);
			name = TableViewControllerCell;
			sourceTree = "<group>";
		};
/* End PBXGroup section */

/* Begin PBXNativeTarget section */
		04BBB8451BD2CAA800BA525D /* ficohsaseguros */ = {
			isa = PBXNativeTarget;
			buildConfigurationList = 04BBB85B1BD2CAA900BA525D /* Build configuration list for PBXNativeTarget "ficohsaseguros" */;
			buildPhases = (
				04BBB8421BD2CAA800BA525D /* Sources */,
				04BBB8431BD2CAA800BA525D /* Frameworks */,
				04BBB8441BD2CAA800BA525D /* Resources */,
			);
			buildRules = (
			);
			dependencies = (
			);
			name = ficohsaseguros;
			productName = ficohsaseguros;
			productReference = 04BBB8461BD2CAA800BA525D /* ficohsaseguros.app */;
			productType = "com.apple.product-type.application";
		};
/* End PBXNativeTarget section */

/* Begin PBXProject section */
		04BBB83E1BD2CAA800BA525D /* Project object */ = {
			isa = PBXProject;
			attributes = {
				LastSwiftUpdateCheck = 0700;
				LastUpgradeCheck = 0700;
				ORGANIZATIONNAME = SoftwareFactoryHN;
				TargetAttributes = {
					04BBB8451BD2CAA800BA525D = {
						CreatedOnToolsVersion = 7.0;
					};
				};
			};
			buildConfigurationList = 04BBB8411BD2CAA800BA525D /* Build configuration list for PBXProject "ficohsaseguros" */;
			compatibilityVersion = "Xcode 3.2";
			developmentRegion = English;
			hasScannedForEncodings = 0;
			knownRegions = (
				en,
				Base,
			);
			mainGroup = 04BBB83D1BD2CAA800BA525D;
			productRefGroup = 04BBB8471BD2CAA800BA525D /* Products */;
			projectDirPath = "";
			projectRoot = "";
			targets = (
				04BBB8451BD2CAA800BA525D /* ficohsaseguros */,
			);
		};
/* End PBXProject section */

/* Begin PBXResourcesBuildPhase section */
		04BBB8441BD2CAA800BA525D /* Resources */ = {
			isa = PBXResourcesBuildPhase;
			buildActionMask = 2147483647;
			files = (
				04E3905B1BD405120041585A /* ic_action_as_a.png in Resources */,
				04E390591BD405120041585A /* ic_action_as_c.png in Resources */,
				04E390581BD405120041585A /* ic_action_as_d.png in Resources */,
				04E3905A1BD405120041585A /* ic_action_as_b.png in Resources */,
				04BBB8571BD2CAA900BA525D /* LaunchScreen.storyboard in Resources */,
				04E3905D1BD405E40041585A /* logoficohsablanco.png in Resources */,
				04BBB8541BD2CAA900BA525D /* Assets.xcassets in Resources */,
				04E390501BD404A00041585A /* ic_action_as_f.png in Resources */,
				04BBB84F1BD2CAA900BA525D /* Main.storyboard in Resources */,
				04E390571BD405120041585A /* ic_action_as_e.png in Resources */,
				04E390621BD410AD0041585A /* panic1.jpg in Resources */,
			);
			runOnlyForDeploymentPostprocessing = 0;
		};
/* End PBXResourcesBuildPhase section */

/* Begin PBXSourcesBuildPhase section */
		04BBB8421BD2CAA800BA525D /* Sources */ = {
			isa = PBXSourcesBuildPhase;
			buildActionMask = 2147483647;
			files = (
				04E390711BD4AA270041585A /* TableViewControllerMenu.swift in Sources */,
				04E390751BD4BCBA0041585A /* ViewControllerPanic.swift in Sources */,
				046290C91BDC422D00003896 /* TableViewControllerMenuCell.swift in Sources */,
				04E390601BD40AEF0041585A /* ViewControllerLogin.swift in Sources */,
				04BBB84C1BD2CAA800BA525D /* ViewController.swift in Sources */,
				04E390731BD4B0920041585A /* ViewControllerConsultas.swift in Sources */,
				04E3906B1BD4167F0041585A /* TableViewControllerNotificacionesCell.swift in Sources */,
				04E3906F1BD49E2B0041585A /* SWRevealViewController.m in Sources */,
				04E390651BD414C40041585A /* TableViewControllerNotificaciones.swift in Sources */,
				046290C71BDC332200003896 /* ViewControllerMap.swift in Sources */,
				04E390771BD4C4990041585A /* ViewControllerTipoAsistencia.swift in Sources */,
				04E390681BD415700041585A /* XmlNotificaciones.swift in Sources */,
				046488A11BDDA02100549491 /* BasicCell.swift in Sources */,
				04BBB8521BD2CAA900BA525D /* ficohsaseguros.xcdatamodeld in Sources */,
				04BBB84A1BD2CAA800BA525D /* AppDelegate.swift in Sources */,
				0464889F1BDDA01200549491 /* ImageCell.swift in Sources */,
			);
			runOnlyForDeploymentPostprocessing = 0;
		};
/* End PBXSourcesBuildPhase section */

/* Begin PBXVariantGroup section */
		04BBB84D1BD2CAA900BA525D /* Main.storyboard */ = {
			isa = PBXVariantGroup;
			children = (
				04BBB84E1BD2CAA900BA525D /* Base */,
			);
			name = Main.storyboard;
			sourceTree = "<group>";
		};
		04BBB8551BD2CAA900BA525D /* LaunchScreen.storyboard */ = {
			isa = PBXVariantGroup;
			children = (
				04BBB8561BD2CAA900BA525D /* Base */,
			);
			name = LaunchScreen.storyboard;
			sourceTree = "<group>";
		};
/* End PBXVariantGroup section */

/* Begin XCBuildConfiguration section */
		04BBB8591BD2CAA900BA525D /* Debug */ = {
			isa = XCBuildConfiguration;
			buildSettings = {
				ALWAYS_SEARCH_USER_PATHS = NO;
				CLANG_CXX_LANGUAGE_STANDARD = "gnu++0x";
				CLANG_CXX_LIBRARY = "libc++";
				CLANG_ENABLE_MODULES = YES;
				CLANG_ENABLE_OBJC_ARC = YES;
				CLANG_WARN_BOOL_CONVERSION = YES;
				CLANG_WARN_CONSTANT_CONVERSION = YES;
				CLANG_WARN_DIRECT_OBJC_ISA_USAGE = YES_ERROR;
				CLANG_WARN_EMPTY_BODY = YES;
				CLANG_WARN_ENUM_CONVERSION = YES;
				CLANG_WARN_INT_CONVERSION = YES;
				CLANG_WARN_OBJC_ROOT_CLASS = YES_ERROR;
				CLANG_WARN_UNREACHABLE_CODE = YES;
				CLANG_WARN__DUPLICATE_METHOD_MATCH = YES;
				"CODE_SIGN_IDENTITY[sdk=iphoneos*]" = "iPhone Developer";
				COPY_PHASE_STRIP = NO;
				DEBUG_INFORMATION_FORMAT = dwarf;
				ENABLE_STRICT_OBJC_MSGSEND = YES;
				ENABLE_TESTABILITY = YES;
				GCC_C_LANGUAGE_STANDARD = gnu99;
				GCC_DYNAMIC_NO_PIC = NO;
				GCC_NO_COMMON_BLOCKS = YES;
				GCC_OPTIMIZATION_LEVEL = 0;
				GCC_PREPROCESSOR_DEFINITIONS = (
					"DEBUG=1",
					"$(inherited)",
				);
				GCC_WARN_64_TO_32_BIT_CONVERSION = YES;
				GCC_WARN_ABOUT_RETURN_TYPE = YES_ERROR;
				GCC_WARN_UNDECLARED_SELECTOR = YES;
				GCC_WARN_UNINITIALIZED_AUTOS = YES_AGGRESSIVE;
				GCC_WARN_UNUSED_FUNCTION = YES;
				GCC_WARN_UNUSED_VARIABLE = YES;
				IPHONEOS_DEPLOYMENT_TARGET = 9.0;
				MTL_ENABLE_DEBUG_INFO = YES;
				ONLY_ACTIVE_ARCH = YES;
				SDKROOT = iphoneos;
				SWIFT_OPTIMIZATION_LEVEL = "-Onone";
			};
			name = Debug;
		};
		04BBB85A1BD2CAA900BA525D /* Release */ = {
			isa = XCBuildConfiguration;
			buildSettings = {
				ALWAYS_SEARCH_USER_PATHS = NO;
				CLANG_CXX_LANGUAGE_STANDARD = "gnu++0x";
				CLANG_CXX_LIBRARY = "libc++";
				CLANG_ENABLE_MODULES = YES;
				CLANG_ENABLE_OBJC_ARC = YES;
				CLANG_WARN_BOOL_CONVERSION = YES;
				CLANG_WARN_CONSTANT_CONVERSION = YES;
				CLANG_WARN_DIRECT_OBJC_ISA_USAGE = YES_ERROR;
				CLANG_WARN_EMPTY_BODY = YES;
				CLANG_WARN_ENUM_CONVERSION = YES;
				CLANG_WARN_INT_CONVERSION = YES;
				CLANG_WARN_OBJC_ROOT_CLASS = YES_ERROR;
				CLANG_WARN_UNREACHABLE_CODE = YES;
				CLANG_WARN__DUPLICATE_METHOD_MATCH = YES;
				"CODE_SIGN_IDENTITY[sdk=iphoneos*]" = "iPhone Developer";
				COPY_PHASE_STRIP = NO;
				DEBUG_INFORMATION_FORMAT = "dwarf-with-dsym";
				ENABLE_NS_ASSERTIONS = NO;
				ENABLE_STRICT_OBJC_MSGSEND = YES;
				GCC_C_LANGUAGE_STANDARD = gnu99;
				GCC_NO_COMMON_BLOCKS = YES;
				GCC_WARN_64_TO_32_BIT_CONVERSION = YES;
				GCC_WARN_ABOUT_RETURN_TYPE = YES_ERROR;
				GCC_WARN_UNDECLARED_SELECTOR = YES;
				GCC_WARN_UNINITIALIZED_AUTOS = YES_AGGRESSIVE;
				GCC_WARN_UNUSED_FUNCTION = YES;
				GCC_WARN_UNUSED_VARIABLE = YES;
				IPHONEOS_DEPLOYMENT_TARGET = 9.0;
				MTL_ENABLE_DEBUG_INFO = NO;
				SDKROOT = iphoneos;
				VALIDATE_PRODUCT = YES;
			};
			name = Release;
		};
		04BBB85C1BD2CAA900BA525D /* Debug */ = {
			isa = XCBuildConfiguration;
			buildSettings = {
				ASSETCATALOG_COMPILER_APPICON_NAME = AppIcon;
				CLANG_ENABLE_MODULES = YES;
				INFOPLIST_FILE = ficohsaseguros/Info.plist;
				IPHONEOS_DEPLOYMENT_TARGET = 8.0;
				LD_RUNPATH_SEARCH_PATHS = "$(inherited) @executable_path/Frameworks";
				PRODUCT_BUNDLE_IDENTIFIER = hn.com.ficohsa.seguros.ficohsaseguros;
				PRODUCT_NAME = "$(TARGET_NAME)";
				SWIFT_OBJC_BRIDGING_HEADER = "ficohsaseguros/ficohsaseguros-Bridging-Header.h";
				SWIFT_OPTIMIZATION_LEVEL = "-Onone";
			};
			name = Debug;
		};
		04BBB85D1BD2CAA900BA525D /* Release */ = {
			isa = XCBuildConfiguration;
			buildSettings = {
				ASSETCATALOG_COMPILER_APPICON_NAME = AppIcon;
				CLANG_ENABLE_MODULES = YES;
				INFOPLIST_FILE = ficohsaseguros/Info.plist;
				IPHONEOS_DEPLOYMENT_TARGET = 8.0;
				LD_RUNPATH_SEARCH_PATHS = "$(inherited) @executable_path/Frameworks";
				PRODUCT_BUNDLE_IDENTIFIER = hn.com.ficohsa.seguros.ficohsaseguros;
				PRODUCT_NAME = "$(TARGET_NAME)";
				SWIFT_OBJC_BRIDGING_HEADER = "ficohsaseguros/ficohsaseguros-Bridging-Header.h";
			};
			name = Release;
		};
/* End XCBuildConfiguration section */

/* Begin XCConfigurationList section */
		04BBB8411BD2CAA800BA525D /* Build configuration list for PBXProject "ficohsaseguros" */ = {
			isa = XCConfigurationList;
			buildConfigurations = (
				04BBB8591BD2CAA900BA525D /* Debug */,
				04BBB85A1BD2CAA900BA525D /* Release */,
			);
			defaultConfigurationIsVisible = 0;
			defaultConfigurationName = Release;
		};
		04BBB85B1BD2CAA900BA525D /* Build configuration list for PBXNativeTarget "ficohsaseguros" */ = {
			isa = XCConfigurationList;
			buildConfigurations = (
				04BBB85C1BD2CAA900BA525D /* Debug */,
				04BBB85D1BD2CAA900BA525D /* Release */,
			);
			defaultConfigurationIsVisible = 0;
			defaultConfigurationName = Release;
		};
/* End XCConfigurationList section */

/* Begin XCVersionGroup section */
		04BBB8501BD2CAA900BA525D /* ficohsaseguros.xcdatamodeld */ = {
			isa = XCVersionGroup;
			children = (
				04BBB8511BD2CAA900BA525D /* ficohsaseguros.xcdatamodel */,
			);
			currentVersion = 04BBB8511BD2CAA900BA525D /* ficohsaseguros.xcdatamodel */;
			path = ficohsaseguros.xcdatamodeld;
			sourceTree = "<group>";
			versionGroupType = wrapper.xcdatamodel;
		};
/* End XCVersionGroup section */
	};
	rootObject = 04BBB83E1BD2CAA800BA525D /* Project object */;
}
