// !$*UTF8*$!
{
	archiveVersion = 1;
	classes = {
	};
	objectVersion = 46;
	objects = {

/* Begin PBXBuildFile section */
		04BBB84A1BD2CAA800BA525D /* AppDelegate.swift in Sources */ = {isa = PBXBuildFile; fileRef = 04BBB8491BD2CAA800BA525D /* AppDelegate.swift */; };
		04BBB84C1BD2CAA800BA525D /* ViewController.swift in Sources */ = {isa = PBXBuildFile; fileRef = 04BBB84B1BD2CAA800BA525D /* ViewController.swift */; };
		04BBB84F1BD2CAA900BA525D /* Main.storyboard in Resources */ = {isa = PBXBuildFile; fileRef = 04BBB84D1BD2CAA900BA525D /* Main.storyboard */; };
		04BBB8521BD2CAA900BA525D /* ficohsaseguros.xcdatamodeld in Sources */ = {isa = PBXBuildFile; fileRef = 04BBB8501BD2CAA900BA525D /* ficohsaseguros.xcdatamodeld */; };
		04BBB8541BD2CAA900BA525D /* Assets.xcassets in Resources */ = {isa = PBXBuildFile; fileRef = 04BBB8531BD2CAA900BA525D /* Assets.xcassets */; };
		04BBB8571BD2CAA900BA525D /* LaunchScreen.storyboard in Resources */ = {isa = PBXBuildFile; fileRef = 04BBB8551BD2CAA900BA525D /* LaunchScreen.storyboard */; };
/* End PBXBuildFile section */

/* Begin PBXFileReference section */
		04BBB8461BD2CAA800BA525D /* ficohsaseguros.app */ = {isa = PBXFileReference; explicitFileType = wrapper.application; includeInIndex = 0; path = ficohsaseguros.app; sourceTree = BUILT_PRODUCTS_DIR; };
		04BBB8491BD2CAA800BA525D /* AppDelegate.swift */ = {isa = PBXFileReference; lastKnownFileType = sourcecode.swift; path = AppDelegate.swift; sourceTree = "<group>"; };
		04BBB84B1BD2CAA800BA525D /* ViewController.swift */ = {isa = PBXFileReference; lastKnownFileType = sourcecode.swift; path = ViewController.swift; sourceTree = "<group>"; };
		04BBB84E1BD2CAA900BA525D /* Base */ = {isa = PBXFileReference; lastKnownFileType = file.storyboard; name = Base; path = Base.lproj/Main.storyboard; sourceTree = "<group>"; };
		04BBB8511BD2CAA900BA525D /* ficohsaseguros.xcdatamodel */ = {isa = PBXFileReference; lastKnownFileType = wrapper.xcdatamodel; path = ficohsaseguros.xcdatamodel; sourceTree = "<group>"; };
		04BBB8531BD2CAA900BA525D /* Assets.xcassets */ = {isa = PBXFileReference; lastKnownFileType = folder.assetcatalog; path = Assets.xcassets; sourceTree = "<group>"; };
		04BBB8561BD2CAA900BA525D /* Base */ = {isa = PBXFileReference; lastKnownFileType = file.storyboard; name = Base; path = Base.lproj/LaunchScreen.storyboard; sourceTree = "<group>"; };
		04BBB8581BD2CAA900BA525D /* Info.plist */ = {isa = PBXFileReference; lastKnownFileType = text.plist.xml; path = Info.plist; sourceTree = "<group>"; };
/* End PBXFileReference section */

/* Begin PBXFrameworksBuildPhase section */
		04BBB8431BD2CAA800BA525D /* Frameworks */ = {
			isa = PBXFrameworksBuildPhase;
			buildActionMask = 2147483647;
			files = (
			);
			runOnlyForDeploymentPostprocessing = 0;
		};
/* End PBXFrameworksBuildPhase section */

/* Begin PBXGroup section */
		04BBB83D1BD2CAA800BA525D = {
			isa = PBXGroup;
			children = (
				04BBB8481BD2CAA800BA525D /* ficohsaseguros */,
				04BBB8471BD2CAA800BA525D /* Products */,
			);
			sourceTree = "<group>";
		};
		04BBB8471BD2CAA800BA525D /* Products */ = {
			isa = PBXGroup;
			children = (
				04BBB8461BD2CAA800BA525D /* ficohsaseguros.app */,
			);
			name = Products;
			sourceTree = "<group>";
		};
		04BBB8481BD2CAA800BA525D /* ficohsaseguros */ = {
			isa = PBXGroup;
			children = (
				04BBB8491BD2CAA800BA525D /* AppDelegate.swift */,
				04BBB84B1BD2CAA800BA525D /* ViewController.swift */,
				04BBB84D1BD2CAA900BA525D /* Main.storyboard */,
				04BBB8531BD2CAA900BA525D /* Assets.xcassets */,
				04BBB8551BD2CAA900BA525D /* LaunchScreen.storyboard */,
				04BBB8581BD2CAA900BA525D /* Info.plist */,
				04BBB8501BD2CAA900BA525D /* ficohsaseguros.xcdatamodeld */,
			);
			path = ficohsaseguros;
			sourceTree = "<group>";
		};
/* End PBXGroup section */

/* Begin PBXNativeTarget section */
		04BBB8451BD2CAA800BA525D /* ficohsaseguros */ = {
			isa = PBXNativeTarget;
			buildConfigurationList = 04BBB85B1BD2CAA900BA525D /* Build configuration list for PBXNativeTarget "ficohsaseguros" */;
			buildPhases = (
				04BBB8421BD2CAA800BA525D /* Sources */,
				04BBB8431BD2CAA800BA525D /* Frameworks */,
				04BBB8441BD2CAA800BA525D /* Resources */,
			);
			buildRules = (
			);
			dependencies = (
			);
			name = ficohsaseguros;
			productName = ficohsaseguros;
			productReference = 04BBB8461BD2CAA800BA525D /* ficohsaseguros.app */;
			productType = "com.apple.product-type.application";
		};
/* End PBXNativeTarget section */

/* Begin PBXProject section */
		04BBB83E1BD2CAA800BA525D /* Project object */ = {
			isa = PBXProject;
			attributes = {
				LastUpgradeCheck = 0700;
				ORGANIZATIONNAME = SoftwareFactoryHN;
				TargetAttributes = {
					04BBB8451BD2CAA800BA525D = {
						CreatedOnToolsVersion = 7.0;
					};
				};
			};
			buildConfigurationList = 04BBB8411BD2CAA800BA525D /* Build configuration list for PBXProject "ficohsaseguros" */;
			compatibilityVersion = "Xcode 3.2";
			developmentRegion = English;
			hasScannedForEncodings = 0;
			knownRegions = (
				en,
				Base,
			);
			mainGroup = 04BBB83D1BD2CAA800BA525D;
			productRefGroup = 04BBB8471BD2CAA800BA525D /* Products */;
			projectDirPath = "";
			projectRoot = "";
			targets = (
				04BBB8451BD2CAA800BA525D /* ficohsaseguros */,
			);
		};
/* End PBXProject section */

/* Begin PBXResourcesBuildPhase section */
		04BBB8441BD2CAA800BA525D /* Resources */ = {
			isa = PBXResourcesBuildPhase;
			buildActionMask = 2147483647;
			files = (
				04BBB8571BD2CAA900BA525D /* LaunchScreen.storyboard in Resources */,
				04BBB8541BD2CAA900BA525D /* Assets.xcassets in Resources */,
				04BBB84F1BD2CAA900BA525D /* Main.storyboard in Resources */,
			);
			runOnlyForDeploymentPostprocessing = 0;
		};
/* End PBXResourcesBuildPhase section */

/* Begin PBXSourcesBuildPhase section */
		04BBB8421BD2CAA800BA525D /* Sources */ = {
			isa = PBXSourcesBuildPhase;
			buildActionMask = 2147483647;
			files = (
				04BBB84C1BD2CAA800BA525D /* ViewController.swift in Sources */,
				04BBB8521BD2CAA900BA525D /* ficohsaseguros.xcdatamodeld in Sources */,
				04BBB84A1BD2CAA800BA525D /* AppDelegate.swift in Sources */,
			);
			runOnlyForDeploymentPostprocessing = 0;
		};
/* End PBXSourcesBuildPhase section */

/* Begin PBXVariantGroup section */
		04BBB84D1BD2CAA900BA525D /* Main.storyboard */ = {
			isa = PBXVariantGroup;
			children = (
				04BBB84E1BD2CAA900BA525D /* Base */,
			);
			name = Main.storyboard;
			sourceTree = "<group>";
		};
		04BBB8551BD2CAA900BA525D /* LaunchScreen.storyboard */ = {
			isa = PBXVariantGroup;
			children = (
				04BBB8561BD2CAA900BA525D /* Base */,
			);
			name = LaunchScreen.storyboard;
			sourceTree = "<group>";
		};
/* End PBXVariantGroup section */

/* Begin XCBuildConfiguration section */
		04BBB8591BD2CAA900BA525D /* Debug */ = {
			isa = XCBuildConfiguration;
			buildSettings = {
				ALWAYS_SEARCH_USER_PATHS = NO;
				CLANG_CXX_LANGUAGE_STANDARD = "gnu++0x";
				CLANG_CXX_LIBRARY = "libc++";
				CLANG_ENABLE_MODULES = YES;
				CLANG_ENABLE_OBJC_ARC = YES;
				CLANG_WARN_BOOL_CONVERSION = YES;
				CLANG_WARN_CONSTANT_CONVERSION = YES;
				CLANG_WARN_DIRECT_OBJC_ISA_USAGE = YES_ERROR;
				CLANG_WARN_EMPTY_BODY = YES;
				CLANG_WARN_ENUM_CONVERSION = YES;
				CLANG_WARN_INT_CONVERSION = YES;
				CLANG_WARN_OBJC_ROOT_CLASS = YES_ERROR;
				CLANG_WARN_UNREACHABLE_CODE = YES;
				CLANG_WARN__DUPLICATE_METHOD_MATCH = YES;
				"CODE_SIGN_IDENTITY[sdk=iphoneos*]" = "iPhone Developer";
				COPY_PHASE_STRIP = NO;
				DEBUG_INFORMATION_FORMAT = dwarf;
				ENABLE_STRICT_OBJC_MSGSEND = YES;
				ENABLE_TESTABILITY = YES;
				GCC_C_LANGUAGE_STANDARD = gnu99;
				GCC_DYNAMIC_NO_PIC = NO;
				GCC_NO_COMMON_BLOCKS = YES;
				GCC_OPTIMIZATION_LEVEL = 0;
				GCC_PREPROCESSOR_DEFINITIONS = (
					"DEBUG=1",
					"$(inherited)",
				);
				GCC_WARN_64_TO_32_BIT_CONVERSION = YES;
				GCC_WARN_ABOUT_RETURN_TYPE = YES_ERROR;
				GCC_WARN_UNDECLARED_SELECTOR = YES;
				GCC_WARN_UNINITIALIZED_AUTOS = YES_AGGRESSIVE;
				GCC_WARN_UNUSED_FUNCTION = YES;
				GCC_WARN_UNUSED_VARIABLE = YES;
				IPHONEOS_DEPLOYMENT_TARGET = 9.0;
				MTL_ENABLE_DEBUG_INFO = YES;
				ONLY_ACTIVE_ARCH = YES;
				SDKROOT = iphoneos;
				SWIFT_OPTIMIZATION_LEVEL = "-Onone";
			};
			name = Debug;
		};
		04BBB85A1BD2CAA900BA525D /* Release */ = {
			isa = XCBuildConfiguration;
			buildSettings = {
				ALWAYS_SEARCH_USER_PATHS = NO;
				CLANG_CXX_LANGUAGE_STANDARD = "gnu++0x";
				CLANG_CXX_LIBRARY = "libc++";
				CLANG_ENABLE_MODULES = YES;
				CLANG_ENABLE_OBJC_ARC = YES;
				CLANG_WARN_BOOL_CONVERSION = YES;
				CLANG_WARN_CONSTANT_CONVERSION = YES;
				CLANG_WARN_DIRECT_OBJC_ISA_USAGE = YES_ERROR;
				CLANG_WARN_EMPTY_BODY = YES;
				CLANG_WARN_ENUM_CONVERSION = YES;
				CLANG_WARN_INT_CONVERSION = YES;
				CLANG_WARN_OBJC_ROOT_CLASS = YES_ERROR;
				CLANG_WARN_UNREACHABLE_CODE = YES;
				CLANG_WARN__DUPLICATE_METHOD_MATCH = YES;
				"CODE_SIGN_IDENTITY[sdk=iphoneos*]" = "iPhone Developer";
				COPY_PHASE_STRIP = NO;
				DEBUG_INFORMATION_FORMAT = "dwarf-with-dsym";
				ENABLE_NS_ASSERTIONS = NO;
				ENABLE_STRICT_OBJC_MSGSEND = YES;
				GCC_C_LANGUAGE_STANDARD = gnu99;
				GCC_NO_COMMON_BLOCKS = YES;
				GCC_WARN_64_TO_32_BIT_CONVERSION = YES;
				GCC_WARN_ABOUT_RETURN_TYPE = YES_ERROR;
				GCC_WARN_UNDECLARED_SELECTOR = YES;
				GCC_WARN_UNINITIALIZED_AUTOS = YES_AGGRESSIVE;
				GCC_WARN_UNUSED_FUNCTION = YES;
				GCC_WARN_UNUSED_VARIABLE = YES;
				IPHONEOS_DEPLOYMENT_TARGET = 9.0;
				MTL_ENABLE_DEBUG_INFO = NO;
				SDKROOT = iphoneos;
				VALIDATE_PRODUCT = YES;
			};
			name = Release;
		};
		04BBB85C1BD2CAA900BA525D /* Debug */ = {
			isa = XCBuildConfiguration;
			buildSettings = {
				ASSETCATALOG_COMPILER_APPICON_NAME = AppIcon;
				INFOPLIST_FILE = ficohsaseguros/Info.plist;
				LD_RUNPATH_SEARCH_PATHS = "$(inherited) @executable_path/Frameworks";
				PRODUCT_BUNDLE_IDENTIFIER = hn.com.ficohsa.seguros.ficohsaseguros;
				PRODUCT_NAME = "$(TARGET_NAME)";
			};
			name = Debug;
		};
		04BBB85D1BD2CAA900BA525D /* Release */ = {
			isa = XCBuildConfiguration;
			buildSettings = {
				ASSETCATALOG_COMPILER_APPICON_NAME = AppIcon;
				INFOPLIST_FILE = ficohsaseguros/Info.plist;
				LD_RUNPATH_SEARCH_PATHS = "$(inherited) @executable_path/Frameworks";
				PRODUCT_BUNDLE_IDENTIFIER = hn.com.ficohsa.seguros.ficohsaseguros;
				PRODUCT_NAME = "$(TARGET_NAME)";
			};
			name = Release;
		};
/* End XCBuildConfiguration section */

/* Begin XCConfigurationList section */
		04BBB8411BD2CAA800BA525D /* Build configuration list for PBXProject "ficohsaseguros" */ = {
			isa = XCConfigurationList;
			buildConfigurations = (
				04BBB8591BD2CAA900BA525D /* Debug */,
				04BBB85A1BD2CAA900BA525D /* Release */,
			);
			defaultConfigurationIsVisible = 0;
			defaultConfigurationName = Release;
		};
		04BBB85B1BD2CAA900BA525D /* Build configuration list for PBXNativeTarget "ficohsaseguros" */ = {
			isa = XCConfigurationList;
			buildConfigurations = (
				04BBB85C1BD2CAA900BA525D /* Debug */,
				04BBB85D1BD2CAA900BA525D /* Release */,
			);
			defaultConfigurationIsVisible = 0;
		};
/* End XCConfigurationList section */

/* Begin XCVersionGroup section */
		04BBB8501BD2CAA900BA525D /* ficohsaseguros.xcdatamodeld */ = {
			isa = XCVersionGroup;
			children = (
				04BBB8511BD2CAA900BA525D /* ficohsaseguros.xcdatamodel */,
			);
			currentVersion = 04BBB8511BD2CAA900BA525D /* ficohsaseguros.xcdatamodel */;
			path = ficohsaseguros.xcdatamodeld;
			sourceTree = "<group>";
			versionGroupType = wrapper.xcdatamodel;
		};
/* End XCVersionGroup section */
	};
	rootObject = 04BBB83E1BD2CAA800BA525D /* Project object */;
}
